
Microsoft Visual Studio Solution File, Format Version 12.00
# Visual Studio Version 17
VisualStudioVersion = 17.1.31911.260
MinimumVisualStudioVersion = 10.0.40219.1
Project("{9A19103F-16F7-4668-BE54-9A1E7A4F7556}") = "SharpConstraintLayout.Core", "SharpConstraintLayout.Core\SharpConstraintLayout.Core.csproj", "{327106EF-63D1-4EEC-9A84-65AB8F9F7CA1}"
EndProject
Project("{9A19103F-16F7-4668-BE54-9A1E7A4F7556}") = "SharpConstraintLayoutTests", "SharpConstraintLayoutTests\SharpConstraintLayoutTests.csproj", "{198A30AE-DB7E-410F-BEC7-58666F09C36E}"
EndProject
Project("{9A19103F-16F7-4668-BE54-9A1E7A4F7556}") = "SharpConstraintLayout.Wpf.App", "SharpConstraintLayout.Example\SharpConstraintLayout.Wpf.App.csproj", "{1FD6E48D-F0FA-4F0A-9D29-C2054BFCC5A4}"
EndProject
Project("{9A19103F-16F7-4668-BE54-9A1E7A4F7556}") = "SharpConstraintLayout.Wpf", "SharpConstraintLayout.Wpf\SharpConstraintLayout.Wpf.csproj", "{37F7D2F9-25E4-406D-A89D-2F20ACB773BB}"
EndProject
Project("{9A19103F-16F7-4668-BE54-9A1E7A4F7556}") = "SharpConstraintLayout.Wpf.App.Reload", "SharpConstraintLayout.Example.Reload\SharpConstraintLayout.Wpf.App.Reload.csproj", "{2ED2BD8D-0541-4915-94DD-11EC2FD99BC5}"
EndProject
Project("{9A19103F-16F7-4668-BE54-9A1E7A4F7556}") = "SharpConstraintLayout.Maui", "SharpConstraintLayout.Maui\SharpConstraintLayout.Maui.csproj", "{C1492416-6AD5-4CCC-B2E8-AE6FBD7CD118}"
EndProject
Project("{9A19103F-16F7-4668-BE54-9A1E7A4F7556}") = "FontBaseline.Wpf", "FontBaseline.Wpf\FontBaseline.Wpf.csproj", "{510C3398-92AA-43DB-99B0-5F5A43E10A1D}"
EndProject
Project("{9A19103F-16F7-4668-BE54-9A1E7A4F7556}") = "FontBaseline.Maui", "FontBaseline.Maui\FontBaseline.Maui.csproj", "{7E372222-58F0-479C-ACFC-68BBD7A41205}"
EndProject
Project("{9A19103F-16F7-4668-BE54-9A1E7A4F7556}") = "SharpConstraintLayout.Maui.Example", "SharpConstraintLayout.Maui.Example\SharpConstraintLayout.Maui.Example.csproj", "{FFC705B6-CFE4-437D-9FF6-5743BED055B1}"
EndProject
Project("{9A19103F-16F7-4668-BE54-9A1E7A4F7556}") = "FontBaseline.Maui.Skia", "FontBaseline.Maui.Skia\FontBaseline.Maui.Skia.csproj", "{121E5BE7-73F8-42F2-A1D5-02A1465E6653}"
EndProject
Project("{9A19103F-16F7-4668-BE54-9A1E7A4F7556}") = "SharpConstraintLayout.Maui.Native", "SharpConstraintLayout.Maui.Native\SharpConstraintLayout.Maui.Native.csproj", "{75080A19-A0B1-4BE9-83E8-2B7C1DE0AC7D}"
EndProject
Project("{FAE04EC0-301F-11D3-BF4B-00C04F79EFBC}") = "SharpConstraintLayout.Maui.Pure", "SharpConstraintLayout.Maui.Pure\SharpConstraintLayout.Maui.Pure.csproj", "{2BF27DE6-66B0-4D0F-800A-A1193346FD2F}"
EndProject
Global
	GlobalSection(SolutionConfigurationPlatforms) = preSolution
		Debug|Any CPU = Debug|Any CPU
		Release|Any CPU = Release|Any CPU
	EndGlobalSection
	GlobalSection(ProjectConfigurationPlatforms) = postSolution
		{327106EF-63D1-4EEC-9A84-65AB8F9F7CA1}.Debug|Any CPU.ActiveCfg = Debug|Any CPU
		{327106EF-63D1-4EEC-9A84-65AB8F9F7CA1}.Debug|Any CPU.Build.0 = Debug|Any CPU
		{327106EF-63D1-4EEC-9A84-65AB8F9F7CA1}.Release|Any CPU.ActiveCfg = Release|Any CPU
		{327106EF-63D1-4EEC-9A84-65AB8F9F7CA1}.Release|Any CPU.Build.0 = Release|Any CPU
		{198A30AE-DB7E-410F-BEC7-58666F09C36E}.Debug|Any CPU.ActiveCfg = Debug|Any CPU
		{198A30AE-DB7E-410F-BEC7-58666F09C36E}.Debug|Any CPU.Build.0 = Debug|Any CPU
		{198A30AE-DB7E-410F-BEC7-58666F09C36E}.Release|Any CPU.ActiveCfg = Release|Any CPU
		{198A30AE-DB7E-410F-BEC7-58666F09C36E}.Release|Any CPU.Build.0 = Release|Any CPU
		{1FD6E48D-F0FA-4F0A-9D29-C2054BFCC5A4}.Debug|Any CPU.ActiveCfg = Debug|Any CPU
		{1FD6E48D-F0FA-4F0A-9D29-C2054BFCC5A4}.Debug|Any CPU.Build.0 = Debug|Any CPU
		{1FD6E48D-F0FA-4F0A-9D29-C2054BFCC5A4}.Release|Any CPU.ActiveCfg = Release|Any CPU
		{1FD6E48D-F0FA-4F0A-9D29-C2054BFCC5A4}.Release|Any CPU.Build.0 = Release|Any CPU
		{37F7D2F9-25E4-406D-A89D-2F20ACB773BB}.Debug|Any CPU.ActiveCfg = Debug|Any CPU
		{37F7D2F9-25E4-406D-A89D-2F20ACB773BB}.Debug|Any CPU.Build.0 = Debug|Any CPU
		{37F7D2F9-25E4-406D-A89D-2F20ACB773BB}.Release|Any CPU.ActiveCfg = Release|Any CPU
		{37F7D2F9-25E4-406D-A89D-2F20ACB773BB}.Release|Any CPU.Build.0 = Release|Any CPU
		{2ED2BD8D-0541-4915-94DD-11EC2FD99BC5}.Debug|Any CPU.ActiveCfg = Debug|Any CPU
		{2ED2BD8D-0541-4915-94DD-11EC2FD99BC5}.Debug|Any CPU.Build.0 = Debug|Any CPU
		{2ED2BD8D-0541-4915-94DD-11EC2FD99BC5}.Release|Any CPU.ActiveCfg = Release|Any CPU
		{2ED2BD8D-0541-4915-94DD-11EC2FD99BC5}.Release|Any CPU.Build.0 = Release|Any CPU
		{C1492416-6AD5-4CCC-B2E8-AE6FBD7CD118}.Debug|Any CPU.ActiveCfg = Debug|Any CPU
		{C1492416-6AD5-4CCC-B2E8-AE6FBD7CD118}.Debug|Any CPU.Build.0 = Debug|Any CPU
		{C1492416-6AD5-4CCC-B2E8-AE6FBD7CD118}.Release|Any CPU.ActiveCfg = Release|Any CPU
		{C1492416-6AD5-4CCC-B2E8-AE6FBD7CD118}.Release|Any CPU.Build.0 = Release|Any CPU
		{510C3398-92AA-43DB-99B0-5F5A43E10A1D}.Debug|Any CPU.ActiveCfg = Debug|Any CPU
		{510C3398-92AA-43DB-99B0-5F5A43E10A1D}.Debug|Any CPU.Build.0 = Debug|Any CPU
		{510C3398-92AA-43DB-99B0-5F5A43E10A1D}.Release|Any CPU.ActiveCfg = Release|Any CPU
		{510C3398-92AA-43DB-99B0-5F5A43E10A1D}.Release|Any CPU.Build.0 = Release|Any CPU
		{7E372222-58F0-479C-ACFC-68BBD7A41205}.Debug|Any CPU.ActiveCfg = Debug|Any CPU
		{7E372222-58F0-479C-ACFC-68BBD7A41205}.Debug|Any CPU.Build.0 = Debug|Any CPU
		{7E372222-58F0-479C-ACFC-68BBD7A41205}.Release|Any CPU.ActiveCfg = Release|Any CPU
		{7E372222-58F0-479C-ACFC-68BBD7A41205}.Release|Any CPU.Build.0 = Release|Any CPU
		{FFC705B6-CFE4-437D-9FF6-5743BED055B1}.Debug|Any CPU.ActiveCfg = Debug|Any CPU
		{FFC705B6-CFE4-437D-9FF6-5743BED055B1}.Debug|Any CPU.Build.0 = Debug|Any CPU
		{FFC705B6-CFE4-437D-9FF6-5743BED055B1}.Debug|Any CPU.Deploy.0 = Debug|Any CPU
		{FFC705B6-CFE4-437D-9FF6-5743BED055B1}.Release|Any CPU.ActiveCfg = Release|Any CPU
		{FFC705B6-CFE4-437D-9FF6-5743BED055B1}.Release|Any CPU.Build.0 = Release|Any CPU
		{FFC705B6-CFE4-437D-9FF6-5743BED055B1}.Release|Any CPU.Deploy.0 = Release|Any CPU
		{121E5BE7-73F8-42F2-A1D5-02A1465E6653}.Debug|Any CPU.ActiveCfg = Debug|Any CPU
		{121E5BE7-73F8-42F2-A1D5-02A1465E6653}.Debug|Any CPU.Build.0 = Debug|Any CPU
		{121E5BE7-73F8-42F2-A1D5-02A1465E6653}.Release|Any CPU.ActiveCfg = Release|Any CPU
		{121E5BE7-73F8-42F2-A1D5-02A1465E6653}.Release|Any CPU.Build.0 = Release|Any CPU
		{75080A19-A0B1-4BE9-83E8-2B7C1DE0AC7D}.Debug|Any CPU.ActiveCfg = Debug|Any CPU
		{75080A19-A0B1-4BE9-83E8-2B7C1DE0AC7D}.Debug|Any CPU.Build.0 = Debug|Any CPU
		{75080A19-A0B1-4BE9-83E8-2B7C1DE0AC7D}.Release|Any CPU.ActiveCfg = Release|Any CPU
		{75080A19-A0B1-4BE9-83E8-2B7C1DE0AC7D}.Release|Any CPU.Build.0 = Release|Any CPU
		{2BF27DE6-66B0-4D0F-800A-A1193346FD2F}.Debug|Any CPU.ActiveCfg = Debug|Any CPU
		{2BF27DE6-66B0-4D0F-800A-A1193346FD2F}.Debug|Any CPU.Build.0 = Debug|Any CPU
		{2BF27DE6-66B0-4D0F-800A-A1193346FD2F}.Release|Any CPU.ActiveCfg = Release|Any CPU
		{2BF27DE6-66B0-4D0F-800A-A1193346FD2F}.Release|Any CPU.Build.0 = Release|Any CPU
	EndGlobalSection
	GlobalSection(SolutionProperties) = preSolution
		HideSolutionNode = FALSE
	EndGlobalSection
	GlobalSection(ExtensibilityGlobals) = postSolution
		SolutionGuid = {D2676793-D0BA-4282-BFEA-B73DD1DFA0F6}
	EndGlobalSection
EndGlobal
