
Microsoft Visual Studio Solution File, Format Version 12.00
# Visual Studio Version 17
VisualStudioVersion = 17.1.31911.260
MinimumVisualStudioVersion = 10.0.40219.1
Project("{9A19103F-16F7-4668-BE54-9A1E7A4F7556}") = "SharpConstraintLayout.Core", "SharpConstraintLayout.Core\SharpConstraintLayout.Core.csproj", "{327106EF-63D1-4EEC-9A84-65AB8F9F7CA1}"
EndProject
Project("{9A19103F-16F7-4668-BE54-9A1E7A4F7556}") = "SharpConstraintLayoutTests", "SharpConstraintLayoutTests\SharpConstraintLayoutTests.csproj", "{198A30AE-DB7E-410F-BEC7-58666F09C36E}"
EndProject
Project("{9A19103F-16F7-4668-BE54-9A1E7A4F7556}") = "SharpConstraintLayout.Maui.Pure", "SharpConstraintLayout.Maui.Pure\SharpConstraintLayout.Maui.Pure.csproj", "{2BF27DE6-66B0-4D0F-800A-A1193346FD2F}"
EndProject
Project("{9A19103F-16F7-4668-BE54-9A1E7A4F7556}") = "SharpConstraintLayout.Maui.Pure.Example", "SharpConstraintLayout.Maui.Pure.Example\SharpConstraintLayout.Maui.Pure.Example.csproj", "{C1A39A70-A57F-44A5-AD58-265DA71F73D5}"
EndProject
Global
	GlobalSection(SolutionConfigurationPlatforms) = preSolution
		Debug|Any CPU = Debug|Any CPU
		Release|Any CPU = Release|Any CPU
	EndGlobalSection
	GlobalSection(ProjectConfigurationPlatforms) = postSolution
		{327106EF-63D1-4EEC-9A84-65AB8F9F7CA1}.Debug|Any CPU.ActiveCfg = Debug|Any CPU
		{327106EF-63D1-4EEC-9A84-65AB8F9F7CA1}.Debug|Any CPU.Build.0 = Debug|Any CPU
		{327106EF-63D1-4EEC-9A84-65AB8F9F7CA1}.Release|Any CPU.ActiveCfg = Release|Any CPU
		{327106EF-63D1-4EEC-9A84-65AB8F9F7CA1}.Release|Any CPU.Build.0 = Release|Any CPU
		{198A30AE-DB7E-410F-BEC7-58666F09C36E}.Debug|Any CPU.ActiveCfg = Debug|Any CPU
		{198A30AE-DB7E-410F-BEC7-58666F09C36E}.Debug|Any CPU.Build.0 = Debug|Any CPU
		{198A30AE-DB7E-410F-BEC7-58666F09C36E}.Release|Any CPU.ActiveCfg = Release|Any CPU
		{198A30AE-DB7E-410F-BEC7-58666F09C36E}.Release|Any CPU.Build.0 = Release|Any CPU
		{2BF27DE6-66B0-4D0F-800A-A1193346FD2F}.Debug|Any CPU.ActiveCfg = Debug|Any CPU
		{2BF27DE6-66B0-4D0F-800A-A1193346FD2F}.Debug|Any CPU.Build.0 = Debug|Any CPU
		{2BF27DE6-66B0-4D0F-800A-A1193346FD2F}.Release|Any CPU.ActiveCfg = Release|Any CPU
		{2BF27DE6-66B0-4D0F-800A-A1193346FD2F}.Release|Any CPU.Build.0 = Release|Any CPU
		{C1A39A70-A57F-44A5-AD58-265DA71F73D5}.Debug|Any CPU.ActiveCfg = Debug|Any CPU
		{C1A39A70-A57F-44A5-AD58-265DA71F73D5}.Debug|Any CPU.Build.0 = Debug|Any CPU
		{C1A39A70-A57F-44A5-AD58-265DA71F73D5}.Debug|Any CPU.Deploy.0 = Debug|Any CPU
		{C1A39A70-A57F-44A5-AD58-265DA71F73D5}.Release|Any CPU.ActiveCfg = Release|Any CPU
		{C1A39A70-A57F-44A5-AD58-265DA71F73D5}.Release|Any CPU.Build.0 = Release|Any CPU
		{C1A39A70-A57F-44A5-AD58-265DA71F73D5}.Release|Any CPU.Deploy.0 = Release|Any CPU
	EndGlobalSection
	GlobalSection(SolutionProperties) = preSolution
		HideSolutionNode = FALSE
	EndGlobalSection
	GlobalSection(ExtensibilityGlobals) = postSolution
		SolutionGuid = {D2676793-D0BA-4282-BFEA-B73DD1DFA0F6}
	EndGlobalSection
EndGlobal
