
Microsoft Visual Studio Solution File, Format Version 12.00
# Visual Studio Version 17
VisualStudioVersion = 17.2.32408.312
MinimumVisualStudioVersion = 10.0.40219.1
Project("{FAE04EC0-301F-11D3-BF4B-00C04F79EFBC}") = "MauiWrapPanel", "MauiWrapPanel.csproj", "{AC0950B6-E00B-4E2D-A8D6-082A27E18AB9}"
EndProject
Global
	GlobalSection(SolutionConfigurationPlatforms) = preSolution
		Debug|Any CPU = Debug|Any CPU
		Release|Any CPU = Release|Any CPU
	EndGlobalSection
	GlobalSection(ProjectConfigurationPlatforms) = postSolution
		{AC0950B6-E00B-4E2D-A8D6-082A27E18AB9}.Debug|Any CPU.ActiveCfg = Debug|Any CPU
		{AC0950B6-E00B-4E2D-A8D6-082A27E18AB9}.Debug|Any CPU.Build.0 = Debug|Any CPU
		{AC0950B6-E00B-4E2D-A8D6-082A27E18AB9}.Release|Any CPU.ActiveCfg = Release|Any CPU
		{AC0950B6-E00B-4E2D-A8D6-082A27E18AB9}.Release|Any CPU.Build.0 = Release|Any CPU
	EndGlobalSection
	GlobalSection(SolutionProperties) = preSolution
		HideSolutionNode = FALSE
	EndGlobalSection
	GlobalSection(ExtensibilityGlobals) = postSolution
		SolutionGuid = {80F7DD27-1F4F-4FFC-A854-D8670FDB2987}
	EndGlobalSection
EndGlobal
